
Microsoft Visual Studio Solution File, Format Version 12.00
# Visual Studio Version 16
VisualStudioVersion = 16.0.31729.503
MinimumVisualStudioVersion = 10.0.40219.1
Project("{9A19103F-16F7-4668-BE54-9A1E7A4F7556}") = "2.gün ödevi", "2.gün ödevi\2.gün ödevi.csproj", "{D23AF666-48CB-41DE-96DA-0D93631A70C7}"
EndProject
Project("{FAE04EC0-301F-11D3-BF4B-00C04F79EFBC}") = "radio", "radio\radio.csproj", "{11465C98-A0E5-4AED-9E21-7899C10FB2DB}"
EndProject
Global
	GlobalSection(SolutionConfigurationPlatforms) = preSolution
		Debug|Any CPU = Debug|Any CPU
		Release|Any CPU = Release|Any CPU
	EndGlobalSection
	GlobalSection(ProjectConfigurationPlatforms) = postSolution
		{D23AF666-48CB-41DE-96DA-0D93631A70C7}.Debug|Any CPU.ActiveCfg = Debug|Any CPU
		{D23AF666-48CB-41DE-96DA-0D93631A70C7}.Debug|Any CPU.Build.0 = Debug|Any CPU
		{D23AF666-48CB-41DE-96DA-0D93631A70C7}.Release|Any CPU.ActiveCfg = Release|Any CPU
		{D23AF666-48CB-41DE-96DA-0D93631A70C7}.Release|Any CPU.Build.0 = Release|Any CPU
		{11465C98-A0E5-4AED-9E21-7899C10FB2DB}.Debug|Any CPU.ActiveCfg = Debug|Any CPU
		{11465C98-A0E5-4AED-9E21-7899C10FB2DB}.Debug|Any CPU.Build.0 = Debug|Any CPU
		{11465C98-A0E5-4AED-9E21-7899C10FB2DB}.Release|Any CPU.ActiveCfg = Release|Any CPU
		{11465C98-A0E5-4AED-9E21-7899C10FB2DB}.Release|Any CPU.Build.0 = Release|Any CPU
	EndGlobalSection
	GlobalSection(SolutionProperties) = preSolution
		HideSolutionNode = FALSE
	EndGlobalSection
	GlobalSection(ExtensibilityGlobals) = postSolution
		SolutionGuid = {0D18F65E-95CD-4825-93CE-6114B35B63F2}
	EndGlobalSection
EndGlobal
